
Microsoft Visual Studio Solution File, Format Version 12.00
# Visual Studio Version 17
VisualStudioVersion = 17.6.33815.320
MinimumVisualStudioVersion = 10.0.40219.1
Project("{FAE04EC0-301F-11D3-BF4B-00C04F79EFBC}") = "StudentGradingSystem(ExceptionHandling)", "StudentGradingSystem(ExceptionHandling).csproj", "{35C29D21-1F89-4E07-9A7A-CFF36F855EBD}"
EndProject
Global
	GlobalSection(SolutionConfigurationPlatforms) = preSolution
		Debug|Any CPU = Debug|Any CPU
		Release|Any CPU = Release|Any CPU
	EndGlobalSection
	GlobalSection(ProjectConfigurationPlatforms) = postSolution
		{35C29D21-1F89-4E07-9A7A-CFF36F855EBD}.Debug|Any CPU.ActiveCfg = Debug|Any CPU
		{35C29D21-1F89-4E07-9A7A-CFF36F855EBD}.Debug|Any CPU.Build.0 = Debug|Any CPU
		{35C29D21-1F89-4E07-9A7A-CFF36F855EBD}.Release|Any CPU.ActiveCfg = Release|Any CPU
		{35C29D21-1F89-4E07-9A7A-CFF36F855EBD}.Release|Any CPU.Build.0 = Release|Any CPU
	EndGlobalSection
	GlobalSection(SolutionProperties) = preSolution
		HideSolutionNode = FALSE
	EndGlobalSection
	GlobalSection(ExtensibilityGlobals) = postSolution
		SolutionGuid = {E19A0605-22BF-4A36-AB78-2C9E3EE0EF28}
	EndGlobalSection
EndGlobal
